
Microsoft Visual Studio Solution File, Format Version 12.00
# Visual Studio Version 16
VisualStudioVersion = 16.0.29709.97
MinimumVisualStudioVersion = 10.0.40219.1
Project("{FAE04EC0-301F-11D3-BF4B-00C04F79EFBC}") = "PT1", "PT1.csproj", "{B606FB4B-E7F8-416B-BB51-619D4F99B80E}"
EndProject
Global
	GlobalSection(SolutionConfigurationPlatforms) = preSolution
		Debug|Any CPU = Debug|Any CPU
		Release|Any CPU = Release|Any CPU
	EndGlobalSection
	GlobalSection(ProjectConfigurationPlatforms) = postSolution
		{B606FB4B-E7F8-416B-BB51-619D4F99B80E}.Debug|Any CPU.ActiveCfg = Debug|Any CPU
		{B606FB4B-E7F8-416B-BB51-619D4F99B80E}.Debug|Any CPU.Build.0 = Debug|Any CPU
		{B606FB4B-E7F8-416B-BB51-619D4F99B80E}.Release|Any CPU.ActiveCfg = Release|Any CPU
		{B606FB4B-E7F8-416B-BB51-619D4F99B80E}.Release|Any CPU.Build.0 = Release|Any CPU
	EndGlobalSection
	GlobalSection(SolutionProperties) = preSolution
		HideSolutionNode = FALSE
	EndGlobalSection
	GlobalSection(ExtensibilityGlobals) = postSolution
		SolutionGuid = {E1E1F03B-B050-41C2-B5C9-FE6738554220}
	EndGlobalSection
EndGlobal
